
Microsoft Visual Studio Solution File, Format Version 12.00
# Visual Studio Version 16
VisualStudioVersion = 16.0.30320.27
MinimumVisualStudioVersion = 10.0.40219.1
Project("{FAE04EC0-301F-11D3-BF4B-00C04F79EFBC}") = "FaceDetectionApp", "FaceDetectionApp\FaceDetectionApp.csproj", "{E1D40F02-2C54-46C8-832D-CCB75241802A}"
EndProject
Global
	GlobalSection(SolutionConfigurationPlatforms) = preSolution
		Debug|Any CPU = Debug|Any CPU
		Release|Any CPU = Release|Any CPU
	EndGlobalSection
	GlobalSection(ProjectConfigurationPlatforms) = postSolution
		{E1D40F02-2C54-46C8-832D-CCB75241802A}.Debug|Any CPU.ActiveCfg = Debug|Any CPU
		{E1D40F02-2C54-46C8-832D-CCB75241802A}.Debug|Any CPU.Build.0 = Debug|Any CPU
		{E1D40F02-2C54-46C8-832D-CCB75241802A}.Release|Any CPU.ActiveCfg = Release|Any CPU
		{E1D40F02-2C54-46C8-832D-CCB75241802A}.Release|Any CPU.Build.0 = Release|Any CPU
	EndGlobalSection
	GlobalSection(SolutionProperties) = preSolution
		HideSolutionNode = FALSE
	EndGlobalSection
	GlobalSection(ExtensibilityGlobals) = postSolution
		SolutionGuid = {47EAECDD-FFFD-4D40-8C10-E0E8858715D8}
	EndGlobalSection
EndGlobal
